
Microsoft Visual Studio Solution File, Format Version 12.00
# Visual Studio 15
VisualStudioVersion = 15.0.27428.1
MinimumVisualStudioVersion = 10.0.40219.1
Project("{FAE04EC0-301F-11D3-BF4B-00C04F79EFBC}") = "ReadTextFileWhile", "ReadTextFileWhile\ReadTextFileWhile.csproj", "{FB06D18F-F35D-43AF-8B01-2D3C72570224}"
EndProject
Global
	GlobalSection(SolutionConfigurationPlatforms) = preSolution
		Debug|Any CPU = Debug|Any CPU
		Release|Any CPU = Release|Any CPU
	EndGlobalSection
	GlobalSection(ProjectConfigurationPlatforms) = postSolution
		{FB06D18F-F35D-43AF-8B01-2D3C72570224}.Debug|Any CPU.ActiveCfg = Debug|Any CPU
		{FB06D18F-F35D-43AF-8B01-2D3C72570224}.Debug|Any CPU.Build.0 = Debug|Any CPU
		{FB06D18F-F35D-43AF-8B01-2D3C72570224}.Release|Any CPU.ActiveCfg = Release|Any CPU
		{FB06D18F-F35D-43AF-8B01-2D3C72570224}.Release|Any CPU.Build.0 = Release|Any CPU
	EndGlobalSection
	GlobalSection(SolutionProperties) = preSolution
		HideSolutionNode = FALSE
	EndGlobalSection
	GlobalSection(ExtensibilityGlobals) = postSolution
		SolutionGuid = {3E0AFB7B-8E7E-4D3B-906A-740F9EC198BD}
	EndGlobalSection
EndGlobal
