
Microsoft Visual Studio Solution File, Format Version 12.00
# Visual Studio 15
VisualStudioVersion = 15.0.27428.1
MinimumVisualStudioVersion = 10.0.40219.1
Project("{FAE04EC0-301F-11D3-BF4B-00C04F79EFBC}") = "DatetAndTimes", "DatetAndTimes\DatetAndTimes.csproj", "{1E9DB7DE-D0AA-4E0D-9240-E23688DE4E33}"
EndProject
Global
	GlobalSection(SolutionConfigurationPlatforms) = preSolution
		Debug|Any CPU = Debug|Any CPU
		Release|Any CPU = Release|Any CPU
	EndGlobalSection
	GlobalSection(ProjectConfigurationPlatforms) = postSolution
		{1E9DB7DE-D0AA-4E0D-9240-E23688DE4E33}.Debug|Any CPU.ActiveCfg = Debug|Any CPU
		{1E9DB7DE-D0AA-4E0D-9240-E23688DE4E33}.Debug|Any CPU.Build.0 = Debug|Any CPU
		{1E9DB7DE-D0AA-4E0D-9240-E23688DE4E33}.Release|Any CPU.ActiveCfg = Release|Any CPU
		{1E9DB7DE-D0AA-4E0D-9240-E23688DE4E33}.Release|Any CPU.Build.0 = Release|Any CPU
	EndGlobalSection
	GlobalSection(SolutionProperties) = preSolution
		HideSolutionNode = FALSE
	EndGlobalSection
	GlobalSection(ExtensibilityGlobals) = postSolution
		SolutionGuid = {FE2D9708-0E1B-494D-B915-91106B246CE4}
	EndGlobalSection
EndGlobal
